
Microsoft Visual Studio Solution File, Format Version 12.00
# Visual Studio Version 16
VisualStudioVersion = 16.0.29920.165
MinimumVisualStudioVersion = 10.0.40219.1
Project("{FAE04EC0-301F-11D3-BF4B-00C04F79EFBC}") = "Payspace.Assesment.TaxCalculator", "Payspace.Assesment.TaxCalculator\Payspace.Assesment.TaxCalculator.csproj", "{40C2F028-D863-42AD-8D3E-9B75335227D0}"
EndProject
Project("{FAE04EC0-301F-11D3-BF4B-00C04F79EFBC}") = "Payspace.Assesment.Calculator", "Payspace.Assesment.Calculator\Payspace.Assesment.Calculator.csproj", "{EC19E8AB-3FC0-4ED5-9BBD-99179009249F}"
EndProject
Project("{FAE04EC0-301F-11D3-BF4B-00C04F79EFBC}") = "Payspace.Assesment.TaxCalculatorTest", "Payspace.Assesment.TaxCalculatorTest\Payspace.Assesment.TaxCalculatorTest.csproj", "{4ED7D3C7-5DA6-4A26-B832-B41629512FFE}"
EndProject
Global
	GlobalSection(SolutionConfigurationPlatforms) = preSolution
		Debug|Any CPU = Debug|Any CPU
		Release|Any CPU = Release|Any CPU
	EndGlobalSection
	GlobalSection(ProjectConfigurationPlatforms) = postSolution
		{40C2F028-D863-42AD-8D3E-9B75335227D0}.Debug|Any CPU.ActiveCfg = Debug|Any CPU
		{40C2F028-D863-42AD-8D3E-9B75335227D0}.Debug|Any CPU.Build.0 = Debug|Any CPU
		{40C2F028-D863-42AD-8D3E-9B75335227D0}.Release|Any CPU.ActiveCfg = Release|Any CPU
		{40C2F028-D863-42AD-8D3E-9B75335227D0}.Release|Any CPU.Build.0 = Release|Any CPU
		{EC19E8AB-3FC0-4ED5-9BBD-99179009249F}.Debug|Any CPU.ActiveCfg = Debug|Any CPU
		{EC19E8AB-3FC0-4ED5-9BBD-99179009249F}.Debug|Any CPU.Build.0 = Debug|Any CPU
		{EC19E8AB-3FC0-4ED5-9BBD-99179009249F}.Release|Any CPU.ActiveCfg = Release|Any CPU
		{EC19E8AB-3FC0-4ED5-9BBD-99179009249F}.Release|Any CPU.Build.0 = Release|Any CPU
		{4ED7D3C7-5DA6-4A26-B832-B41629512FFE}.Debug|Any CPU.ActiveCfg = Debug|Any CPU
		{4ED7D3C7-5DA6-4A26-B832-B41629512FFE}.Debug|Any CPU.Build.0 = Debug|Any CPU
		{4ED7D3C7-5DA6-4A26-B832-B41629512FFE}.Release|Any CPU.ActiveCfg = Release|Any CPU
		{4ED7D3C7-5DA6-4A26-B832-B41629512FFE}.Release|Any CPU.Build.0 = Release|Any CPU
	EndGlobalSection
	GlobalSection(SolutionProperties) = preSolution
		HideSolutionNode = FALSE
	EndGlobalSection
	GlobalSection(ExtensibilityGlobals) = postSolution
		SolutionGuid = {1C203477-3EF7-4F9E-9D9A-71DEA59307C7}
	EndGlobalSection
EndGlobal
